// !$*UTF8*$!
{
	archiveVersion = 1;
	classes = {
	};
	objectVersion = 46;
	objects = {

/* Begin PBXBuildFile section */
		141517671B31AEB700E235F7 /* AppDelegate.swift in Sources */ = {isa = PBXBuildFile; fileRef = 141517661B31AEB700E235F7 /* AppDelegate.swift */; };
		141517691B31AEB700E235F7 /* ViewController.swift in Sources */ = {isa = PBXBuildFile; fileRef = 141517681B31AEB700E235F7 /* ViewController.swift */; };
		1415176C1B31AEB700E235F7 /* Main.storyboard in Resources */ = {isa = PBXBuildFile; fileRef = 1415176A1B31AEB700E235F7 /* Main.storyboard */; };
		1415176E1B31AEB700E235F7 /* Images.xcassets in Resources */ = {isa = PBXBuildFile; fileRef = 1415176D1B31AEB700E235F7 /* Images.xcassets */; };
		141517711B31AEB700E235F7 /* LaunchScreen.xib in Resources */ = {isa = PBXBuildFile; fileRef = 1415176F1B31AEB700E235F7 /* LaunchScreen.xib */; };
		1415177D1B31AEB800E235F7 /* SampleAppTests.swift in Sources */ = {isa = PBXBuildFile; fileRef = 1415177C1B31AEB800E235F7 /* SampleAppTests.swift */; };
		D6E47ECE1B32780E007A11E4 /* a.dat in Resources */ = {isa = PBXBuildFile; fileRef = D6E47ECD1B32780E007A11E4 /* a.dat */; };
/* End PBXBuildFile section */

/* Begin PBXContainerItemProxy section */
		141517771B31AEB800E235F7 /* PBXContainerItemProxy */ = {
			isa = PBXContainerItemProxy;
			containerPortal = 141517591B31AEB700E235F7 /* Project object */;
			proxyType = 1;
			remoteGlobalIDString = 141517601B31AEB700E235F7;
			remoteInfo = SampleApp;
		};
/* End PBXContainerItemProxy section */

/* Begin PBXFileReference section */
		141517611B31AEB700E235F7 /* SampleApp.app */ = {isa = PBXFileReference; explicitFileType = wrapper.application; includeInIndex = 0; path = SampleApp.app; sourceTree = BUILT_PRODUCTS_DIR; };
		141517651B31AEB700E235F7 /* Info.plist */ = {isa = PBXFileReference; lastKnownFileType = text.plist.xml; path = Info.plist; sourceTree = "<group>"; };
		141517661B31AEB700E235F7 /* AppDelegate.swift */ = {isa = PBXFileReference; lastKnownFileType = sourcecode.swift; path = AppDelegate.swift; sourceTree = "<group>"; };
		141517681B31AEB700E235F7 /* ViewController.swift */ = {isa = PBXFileReference; lastKnownFileType = sourcecode.swift; path = ViewController.swift; sourceTree = "<group>"; };
		1415176B1B31AEB700E235F7 /* Base */ = {isa = PBXFileReference; lastKnownFileType = file.storyboard; name = Base; path = Base.lproj/Main.storyboard; sourceTree = "<group>"; };
		1415176D1B31AEB700E235F7 /* Images.xcassets */ = {isa = PBXFileReference; lastKnownFileType = folder.assetcatalog; path = Images.xcassets; sourceTree = "<group>"; };
		141517701B31AEB700E235F7 /* Base */ = {isa = PBXFileReference; lastKnownFileType = file.xib; name = Base; path = Base.lproj/LaunchScreen.xib; sourceTree = "<group>"; };
		141517761B31AEB800E235F7 /* SampleAppTests.xctest */ = {isa = PBXFileReference; explicitFileType = wrapper.cfbundle; includeInIndex = 0; path = SampleAppTests.xctest; sourceTree = BUILT_PRODUCTS_DIR; };
		1415177B1B31AEB800E235F7 /* Info.plist */ = {isa = PBXFileReference; lastKnownFileType = text.plist.xml; path = Info.plist; sourceTree = "<group>"; };
		1415177C1B31AEB800E235F7 /* SampleAppTests.swift */ = {isa = PBXFileReference; lastKnownFileType = sourcecode.swift; path = SampleAppTests.swift; sourceTree = "<group>"; };
		D6E47ECD1B32780E007A11E4 /* a.dat */ = {isa = PBXFileReference; fileEncoding = 4; lastKnownFileType = text; name = a.dat; path = Resource/a.dat; sourceTree = "<group>"; };
/* End PBXFileReference section */

/* Begin PBXFrameworksBuildPhase section */
		1415175E1B31AEB700E235F7 /* Frameworks */ = {
			isa = PBXFrameworksBuildPhase;
			buildActionMask = 2147483647;
			files = (
			);
			runOnlyForDeploymentPostprocessing = 0;
		};
		141517731B31AEB800E235F7 /* Frameworks */ = {
			isa = PBXFrameworksBuildPhase;
			buildActionMask = 2147483647;
			files = (
			);
			runOnlyForDeploymentPostprocessing = 0;
		};
/* End PBXFrameworksBuildPhase section */

/* Begin PBXGroup section */
		141517581B31AEB700E235F7 = {
			isa = PBXGroup;
			children = (
				141517631B31AEB700E235F7 /* SampleApp */,
				141517791B31AEB800E235F7 /* SampleAppTests */,
				141517621B31AEB700E235F7 /* Products */,
			);
			sourceTree = "<group>";
		};
		141517621B31AEB700E235F7 /* Products */ = {
			isa = PBXGroup;
			children = (
				141517611B31AEB700E235F7 /* SampleApp.app */,
				141517761B31AEB800E235F7 /* SampleAppTests.xctest */,
			);
			name = Products;
			sourceTree = "<group>";
		};
		141517631B31AEB700E235F7 /* SampleApp */ = {
			isa = PBXGroup;
			children = (
				D6E47EC81B326DB3007A11E4 /* Resource */,
				141517661B31AEB700E235F7 /* AppDelegate.swift */,
				141517681B31AEB700E235F7 /* ViewController.swift */,
				1415176A1B31AEB700E235F7 /* Main.storyboard */,
				1415176D1B31AEB700E235F7 /* Images.xcassets */,
				1415176F1B31AEB700E235F7 /* LaunchScreen.xib */,
				141517641B31AEB700E235F7 /* Supporting Files */,
			);
			path = SampleApp;
			sourceTree = "<group>";
		};
		141517641B31AEB700E235F7 /* Supporting Files */ = {
			isa = PBXGroup;
			children = (
				141517651B31AEB700E235F7 /* Info.plist */,
			);
			name = "Supporting Files";
			sourceTree = "<group>";
		};
		141517791B31AEB800E235F7 /* SampleAppTests */ = {
			isa = PBXGroup;
			children = (
				1415177C1B31AEB800E235F7 /* SampleAppTests.swift */,
				1415177A1B31AEB800E235F7 /* Supporting Files */,
			);
			path = SampleAppTests;
			sourceTree = "<group>";
		};
		1415177A1B31AEB800E235F7 /* Supporting Files */ = {
			isa = PBXGroup;
			children = (
				1415177B1B31AEB800E235F7 /* Info.plist */,
			);
			name = "Supporting Files";
			sourceTree = "<group>";
		};
		D6E47EC81B326DB3007A11E4 /* Resource */ = {
			isa = PBXGroup;
			children = (
				D6E47ECD1B32780E007A11E4 /* a.dat */,
			);
			name = Resource;
			sourceTree = "<group>";
		};
/* End PBXGroup section */

/* Begin PBXNativeTarget section */
		141517601B31AEB700E235F7 /* SampleApp */ = {
			isa = PBXNativeTarget;
			buildConfigurationList = 141517801B31AEB800E235F7 /* Build configuration list for PBXNativeTarget "SampleApp" */;
			buildPhases = (
				1415175D1B31AEB700E235F7 /* Sources */,
				1415175E1B31AEB700E235F7 /* Frameworks */,
				1415175F1B31AEB700E235F7 /* Resources */,
			);
			buildRules = (
			);
			dependencies = (
			);
			name = SampleApp;
			productName = SampleApp;
			productReference = 141517611B31AEB700E235F7 /* SampleApp.app */;
			productType = "com.apple.product-type.application";
		};
		141517751B31AEB800E235F7 /* SampleAppTests */ = {
			isa = PBXNativeTarget;
			buildConfigurationList = 141517831B31AEB800E235F7 /* Build configuration list for PBXNativeTarget "SampleAppTests" */;
			buildPhases = (
				141517721B31AEB800E235F7 /* Sources */,
				141517731B31AEB800E235F7 /* Frameworks */,
				141517741B31AEB800E235F7 /* Resources */,
			);
			buildRules = (
			);
			dependencies = (
				141517781B31AEB800E235F7 /* PBXTargetDependency */,
			);
			name = SampleAppTests;
			productName = SampleAppTests;
			productReference = 141517761B31AEB800E235F7 /* SampleAppTests.xctest */;
			productType = "com.apple.product-type.bundle.unit-test";
		};
/* End PBXNativeTarget section */

/* Begin PBXProject section */
		141517591B31AEB700E235F7 /* Project object */ = {
			isa = PBXProject;
			attributes = {
				LastUpgradeCheck = 0630;
				ORGANIZATIONNAME = "山崎孝洋";
				TargetAttributes = {
					141517601B31AEB700E235F7 = {
						CreatedOnToolsVersion = 6.3.2;
					};
					141517751B31AEB800E235F7 = {
						CreatedOnToolsVersion = 6.3.2;
						TestTargetID = 141517601B31AEB700E235F7;
					};
				};
			};
			buildConfigurationList = 1415175C1B31AEB700E235F7 /* Build configuration list for PBXProject "SampleApp" */;
			compatibilityVersion = "Xcode 3.2";
			developmentRegion = English;
			hasScannedForEncodings = 0;
			knownRegions = (
				en,
				Base,
			);
			mainGroup = 141517581B31AEB700E235F7;
			productRefGroup = 141517621B31AEB700E235F7 /* Products */;
			projectDirPath = "";
			projectRoot = "";
			targets = (
				141517601B31AEB700E235F7 /* SampleApp */,
				141517751B31AEB800E235F7 /* SampleAppTests */,
			);
		};
/* End PBXProject section */

/* Begin PBXResourcesBuildPhase section */
		1415175F1B31AEB700E235F7 /* Resources */ = {
			isa = PBXResourcesBuildPhase;
			buildActionMask = 2147483647;
			files = (
				1415176C1B31AEB700E235F7 /* Main.storyboard in Resources */,
				D6E47ECE1B32780E007A11E4 /* a.dat in Resources */,
				141517711B31AEB700E235F7 /* LaunchScreen.xib in Resources */,
				1415176E1B31AEB700E235F7 /* Images.xcassets in Resources */,
			);
			runOnlyForDeploymentPostprocessing = 0;
		};
		141517741B31AEB800E235F7 /* Resources */ = {
			isa = PBXResourcesBuildPhase;
			buildActionMask = 2147483647;
			files = (
			);
			runOnlyForDeploymentPostprocessing = 0;
		};
/* End PBXResourcesBuildPhase section */

/* Begin PBXSourcesBuildPhase section */
		1415175D1B31AEB700E235F7 /* Sources */ = {
			isa = PBXSourcesBuildPhase;
			buildActionMask = 2147483647;
			files = (
				141517691B31AEB700E235F7 /* ViewController.swift in Sources */,
				141517671B31AEB700E235F7 /* AppDelegate.swift in Sources */,
			);
			runOnlyForDeploymentPostprocessing = 0;
		};
		141517721B31AEB800E235F7 /* Sources */ = {
			isa = PBXSourcesBuildPhase;
			buildActionMask = 2147483647;
			files = (
				1415177D1B31AEB800E235F7 /* SampleAppTests.swift in Sources */,
			);
			runOnlyForDeploymentPostprocessing = 0;
		};
/* End PBXSourcesBuildPhase section */

/* Begin PBXTargetDependency section */
		141517781B31AEB800E235F7 /* PBXTargetDependency */ = {
			isa = PBXTargetDependency;
			target = 141517601B31AEB700E235F7 /* SampleApp */;
			targetProxy = 141517771B31AEB800E235F7 /* PBXContainerItemProxy */;
		};
/* End PBXTargetDependency section */

/* Begin PBXVariantGroup section */
		1415176A1B31AEB700E235F7 /* Main.storyboard */ = {
			isa = PBXVariantGroup;
			children = (
				1415176B1B31AEB700E235F7 /* Base */,
			);
			name = Main.storyboard;
			sourceTree = "<group>";
		};
		1415176F1B31AEB700E235F7 /* LaunchScreen.xib */ = {
			isa = PBXVariantGroup;
			children = (
				141517701B31AEB700E235F7 /* Base */,
			);
			name = LaunchScreen.xib;
			sourceTree = "<group>";
		};
/* End PBXVariantGroup section */

/* Begin XCBuildConfiguration section */
		1415177E1B31AEB800E235F7 /* Debug */ = {
			isa = XCBuildConfiguration;
			buildSettings = {
				ALWAYS_SEARCH_USER_PATHS = NO;
				CLANG_CXX_LANGUAGE_STANDARD = "gnu++0x";
				CLANG_CXX_LIBRARY = "libc++";
				CLANG_ENABLE_MODULES = YES;
				CLANG_ENABLE_OBJC_ARC = YES;
				CLANG_WARN_BOOL_CONVERSION = YES;
				CLANG_WARN_CONSTANT_CONVERSION = YES;
				CLANG_WARN_DIRECT_OBJC_ISA_USAGE = YES_ERROR;
				CLANG_WARN_EMPTY_BODY = YES;
				CLANG_WARN_ENUM_CONVERSION = YES;
				CLANG_WARN_INT_CONVERSION = YES;
				CLANG_WARN_OBJC_ROOT_CLASS = YES_ERROR;
				CLANG_WARN_UNREACHABLE_CODE = YES;
				CLANG_WARN__DUPLICATE_METHOD_MATCH = YES;
				"CODE_SIGN_IDENTITY[sdk=iphoneos*]" = "iPhone Developer";
				COPY_PHASE_STRIP = NO;
				DEBUG_INFORMATION_FORMAT = "dwarf-with-dsym";
				ENABLE_STRICT_OBJC_MSGSEND = YES;
				GCC_C_LANGUAGE_STANDARD = gnu99;
				GCC_DYNAMIC_NO_PIC = NO;
				GCC_NO_COMMON_BLOCKS = YES;
				GCC_OPTIMIZATION_LEVEL = 0;
				GCC_PREPROCESSOR_DEFINITIONS = (
					"DEBUG=1",
					"$(inherited)",
				);
				GCC_SYMBOLS_PRIVATE_EXTERN = NO;
				GCC_WARN_64_TO_32_BIT_CONVERSION = YES;
				GCC_WARN_ABOUT_RETURN_TYPE = YES_ERROR;
				GCC_WARN_UNDECLARED_SELECTOR = YES;
				GCC_WARN_UNINITIALIZED_AUTOS = YES_AGGRESSIVE;
				GCC_WARN_UNUSED_FUNCTION = YES;
				GCC_WARN_UNUSED_VARIABLE = YES;
				IPHONEOS_DEPLOYMENT_TARGET = 8.3;
				MTL_ENABLE_DEBUG_INFO = YES;
				ONLY_ACTIVE_ARCH = YES;
				SDKROOT = iphoneos;
				SWIFT_OPTIMIZATION_LEVEL = "-Onone";
			};
			name = Debug;
		};
		1415177F1B31AEB800E235F7 /* Release */ = {
			isa = XCBuildConfiguration;
			buildSettings = {
				ALWAYS_SEARCH_USER_PATHS = NO;
				CLANG_CXX_LANGUAGE_STANDARD = "gnu++0x";
				CLANG_CXX_LIBRARY = "libc++";
				CLANG_ENABLE_MODULES = YES;
				CLANG_ENABLE_OBJC_ARC = YES;
				CLANG_WARN_BOOL_CONVERSION = YES;
				CLANG_WARN_CONSTANT_CONVERSION = YES;
				CLANG_WARN_DIRECT_OBJC_ISA_USAGE = YES_ERROR;
				CLANG_WARN_EMPTY_BODY = YES;
				CLANG_WARN_ENUM_CONVERSION = YES;
				CLANG_WARN_INT_CONVERSION = YES;
				CLANG_WARN_OBJC_ROOT_CLASS = YES_ERROR;
				CLANG_WARN_UNREACHABLE_CODE = YES;
				CLANG_WARN__DUPLICATE_METHOD_MATCH = YES;
				"CODE_SIGN_IDENTITY[sdk=iphoneos*]" = "iPhone Developer";
				COPY_PHASE_STRIP = NO;
				DEBUG_INFORMATION_FORMAT = "dwarf-with-dsym";
				ENABLE_NS_ASSERTIONS = NO;
				ENABLE_STRICT_OBJC_MSGSEND = YES;
				GCC_C_LANGUAGE_STANDARD = gnu99;
				GCC_NO_COMMON_BLOCKS = YES;
				GCC_WARN_64_TO_32_BIT_CONVERSION = YES;
				GCC_WARN_ABOUT_RETURN_TYPE = YES_ERROR;
				GCC_WARN_UNDECLARED_SELECTOR = YES;
				GCC_WARN_UNINITIALIZED_AUTOS = YES_AGGRESSIVE;
				GCC_WARN_UNUSED_FUNCTION = YES;
				GCC_WARN_UNUSED_VARIABLE = YES;
				IPHONEOS_DEPLOYMENT_TARGET = 8.3;
				MTL_ENABLE_DEBUG_INFO = NO;
				SDKROOT = iphoneos;
				VALIDATE_PRODUCT = YES;
			};
			name = Release;
		};
		141517811B31AEB800E235F7 /* Debug */ = {
			isa = XCBuildConfiguration;
			buildSettings = {
				ASSETCATALOG_COMPILER_APPICON_NAME = AppIcon;
				INFOPLIST_FILE = SampleApp/Info.plist;
				LD_RUNPATH_SEARCH_PATHS = "$(inherited) @executable_path/Frameworks";
				PRODUCT_NAME = "$(TARGET_NAME)";
			};
			name = Debug;
		};
		141517821B31AEB800E235F7 /* Release */ = {
			isa = XCBuildConfiguration;
			buildSettings = {
				ASSETCATALOG_COMPILER_APPICON_NAME = AppIcon;
				INFOPLIST_FILE = SampleApp/Info.plist;
				LD_RUNPATH_SEARCH_PATHS = "$(inherited) @executable_path/Frameworks";
				PRODUCT_NAME = "$(TARGET_NAME)";
			};
			name = Release;
		};
		141517841B31AEB800E235F7 /* Debug */ = {
			isa = XCBuildConfiguration;
			buildSettings = {
				BUNDLE_LOADER = "$(TEST_HOST)";
				FRAMEWORK_SEARCH_PATHS = (
					"$(SDKROOT)/Developer/Library/Frameworks",
					"$(inherited)",
				);
				GCC_PREPROCESSOR_DEFINITIONS = (
					"DEBUG=1",
					"$(inherited)",
				);
				INFOPLIST_FILE = SampleAppTests/Info.plist;
				LD_RUNPATH_SEARCH_PATHS = "$(inherited) @executable_path/Frameworks @loader_path/Frameworks";
				PRODUCT_NAME = "$(TARGET_NAME)";
				TEST_HOST = "$(BUILT_PRODUCTS_DIR)/SampleApp.app/SampleApp";
			};
			name = Debug;
		};
		141517851B31AEB800E235F7 /* Release */ = {
			isa = XCBuildConfiguration;
			buildSettings = {
				BUNDLE_LOADER = "$(TEST_HOST)";
				FRAMEWORK_SEARCH_PATHS = (
					"$(SDKROOT)/Developer/Library/Frameworks",
					"$(inherited)",
				);
				INFOPLIST_FILE = SampleAppTests/Info.plist;
				LD_RUNPATH_SEARCH_PATHS = "$(inherited) @executable_path/Frameworks @loader_path/Frameworks";
				PRODUCT_NAME = "$(TARGET_NAME)";
				TEST_HOST = "$(BUILT_PRODUCTS_DIR)/SampleApp.app/SampleApp";
			};
			name = Release;
		};
/* End XCBuildConfiguration section */

/* Begin XCConfigurationList section */
		1415175C1B31AEB700E235F7 /* Build configuration list for PBXProject "SampleApp" */ = {
			isa = XCConfigurationList;
			buildConfigurations = (
				1415177E1B31AEB800E235F7 /* Debug */,
				1415177F1B31AEB800E235F7 /* Release */,
			);
			defaultConfigurationIsVisible = 0;
			defaultConfigurationName = Release;
		};
		141517801B31AEB800E235F7 /* Build configuration list for PBXNativeTarget "SampleApp" */ = {
			isa = XCConfigurationList;
			buildConfigurations = (
				141517811B31AEB800E235F7 /* Debug */,
				141517821B31AEB800E235F7 /* Release */,
			);
			defaultConfigurationIsVisible = 0;
			defaultConfigurationName = Release;
		};
		141517831B31AEB800E235F7 /* Build configuration list for PBXNativeTarget "SampleAppTests" */ = {
			isa = XCConfigurationList;
			buildConfigurations = (
				141517841B31AEB800E235F7 /* Debug */,
				141517851B31AEB800E235F7 /* Release */,
			);
			defaultConfigurationIsVisible = 0;
			defaultConfigurationName = Release;
		};
/* End XCConfigurationList section */
	};
	rootObject = 141517591B31AEB700E235F7 /* Project object */;
}
